// !$*UTF8*$!
{
	archiveVersion = 1;
	classes = {
	};
	objectVersion = 46;
	objects = {

/* Begin PBXBuildFile section */
		BF948B5A1F6BFF4A0088CC30 /* AppDelegate.swift in Sources */ = {isa = PBXBuildFile; fileRef = BF948B591F6BFF4A0088CC30 /* AppDelegate.swift */; };
		BF948B5C1F6BFF4A0088CC30 /* ViewController.swift in Sources */ = {isa = PBXBuildFile; fileRef = BF948B5B1F6BFF4A0088CC30 /* ViewController.swift */; };
		BF948B5F1F6BFF4A0088CC30 /* Main.storyboard in Resources */ = {isa = PBXBuildFile; fileRef = BF948B5D1F6BFF4A0088CC30 /* Main.storyboard */; };
		BF948B611F6BFF4A0088CC30 /* Assets.xcassets in Resources */ = {isa = PBXBuildFile; fileRef = BF948B601F6BFF4A0088CC30 /* Assets.xcassets */; };
		BF948B641F6BFF4A0088CC30 /* LaunchScreen.storyboard in Resources */ = {isa = PBXBuildFile; fileRef = BF948B621F6BFF4A0088CC30 /* LaunchScreen.storyboard */; };
		BF948B6E1F6BFF750088CC30 /* paper.png in Resources */ = {isa = PBXBuildFile; fileRef = BF948B6B1F6BFF750088CC30 /* paper.png */; };
		BF948B6F1F6BFF750088CC30 /* rock.png in Resources */ = {isa = PBXBuildFile; fileRef = BF948B6C1F6BFF750088CC30 /* rock.png */; };
		BF948B701F6BFF750088CC30 /* scissors.png in Resources */ = {isa = PBXBuildFile; fileRef = BF948B6D1F6BFF750088CC30 /* scissors.png */; };
/* End PBXBuildFile section */

/* Begin PBXFileReference section */
		BF948B561F6BFF4A0088CC30 /* rockPaperScissors.app */ = {isa = PBXFileReference; explicitFileType = wrapper.application; includeInIndex = 0; path = rockPaperScissors.app; sourceTree = BUILT_PRODUCTS_DIR; };
		BF948B591F6BFF4A0088CC30 /* AppDelegate.swift */ = {isa = PBXFileReference; lastKnownFileType = sourcecode.swift; path = AppDelegate.swift; sourceTree = "<group>"; };
		BF948B5B1F6BFF4A0088CC30 /* ViewController.swift */ = {isa = PBXFileReference; lastKnownFileType = sourcecode.swift; path = ViewController.swift; sourceTree = "<group>"; };
		BF948B5E1F6BFF4A0088CC30 /* Base */ = {isa = PBXFileReference; lastKnownFileType = file.storyboard; name = Base; path = Base.lproj/Main.storyboard; sourceTree = "<group>"; };
		BF948B601F6BFF4A0088CC30 /* Assets.xcassets */ = {isa = PBXFileReference; lastKnownFileType = folder.assetcatalog; path = Assets.xcassets; sourceTree = "<group>"; };
		BF948B631F6BFF4A0088CC30 /* Base */ = {isa = PBXFileReference; lastKnownFileType = file.storyboard; name = Base; path = Base.lproj/LaunchScreen.storyboard; sourceTree = "<group>"; };
		BF948B651F6BFF4A0088CC30 /* Info.plist */ = {isa = PBXFileReference; lastKnownFileType = text.plist.xml; path = Info.plist; sourceTree = "<group>"; };
		BF948B6B1F6BFF750088CC30 /* paper.png */ = {isa = PBXFileReference; lastKnownFileType = image.png; path = paper.png; sourceTree = "<group>"; };
		BF948B6C1F6BFF750088CC30 /* rock.png */ = {isa = PBXFileReference; lastKnownFileType = image.png; path = rock.png; sourceTree = "<group>"; };
		BF948B6D1F6BFF750088CC30 /* scissors.png */ = {isa = PBXFileReference; lastKnownFileType = image.png; path = scissors.png; sourceTree = "<group>"; };
/* End PBXFileReference section */

/* Begin PBXFrameworksBuildPhase section */
		BF948B531F6BFF4A0088CC30 /* Frameworks */ = {
			isa = PBXFrameworksBuildPhase;
			buildActionMask = 2147483647;
			files = (
			);
			runOnlyForDeploymentPostprocessing = 0;
		};
/* End PBXFrameworksBuildPhase section */

/* Begin PBXGroup section */
		BF948B4D1F6BFF4A0088CC30 = {
			isa = PBXGroup;
			children = (
				BF948B581F6BFF4A0088CC30 /* rockPaperScissors */,
				BF948B571F6BFF4A0088CC30 /* Products */,
				BF948B6B1F6BFF750088CC30 /* paper.png */,
				BF948B6C1F6BFF750088CC30 /* rock.png */,
				BF948B6D1F6BFF750088CC30 /* scissors.png */,
			);
			sourceTree = "<group>";
		};
		BF948B571F6BFF4A0088CC30 /* Products */ = {
			isa = PBXGroup;
			children = (
				BF948B561F6BFF4A0088CC30 /* rockPaperScissors.app */,
			);
			name = Products;
			sourceTree = "<group>";
		};
		BF948B581F6BFF4A0088CC30 /* rockPaperScissors */ = {
			isa = PBXGroup;
			children = (
				BF948B591F6BFF4A0088CC30 /* AppDelegate.swift */,
				BF948B5B1F6BFF4A0088CC30 /* ViewController.swift */,
				BF948B5D1F6BFF4A0088CC30 /* Main.storyboard */,
				BF948B601F6BFF4A0088CC30 /* Assets.xcassets */,
				BF948B621F6BFF4A0088CC30 /* LaunchScreen.storyboard */,
				BF948B651F6BFF4A0088CC30 /* Info.plist */,
			);
			path = rockPaperScissors;
			sourceTree = "<group>";
		};
/* End PBXGroup section */

/* Begin PBXNativeTarget section */
		BF948B551F6BFF4A0088CC30 /* rockPaperScissors */ = {
			isa = PBXNativeTarget;
			buildConfigurationList = BF948B681F6BFF4A0088CC30 /* Build configuration list for PBXNativeTarget "rockPaperScissors" */;
			buildPhases = (
				BF948B521F6BFF4A0088CC30 /* Sources */,
				BF948B531F6BFF4A0088CC30 /* Frameworks */,
				BF948B541F6BFF4A0088CC30 /* Resources */,
			);
			buildRules = (
			);
			dependencies = (
			);
			name = rockPaperScissors;
			productName = rockPaperScissors;
			productReference = BF948B561F6BFF4A0088CC30 /* rockPaperScissors.app */;
			productType = "com.apple.product-type.application";
		};
/* End PBXNativeTarget section */

/* Begin PBXProject section */
		BF948B4E1F6BFF4A0088CC30 /* Project object */ = {
			isa = PBXProject;
			attributes = {
				LastSwiftUpdateCheck = 0830;
				LastUpgradeCheck = 0830;
				ORGANIZATIONNAME = Jimmy;
				TargetAttributes = {
					BF948B551F6BFF4A0088CC30 = {
						CreatedOnToolsVersion = 8.3.3;
						DevelopmentTeam = 3C43GN4RSL;
						ProvisioningStyle = Automatic;
					};
				};
			};
			buildConfigurationList = BF948B511F6BFF4A0088CC30 /* Build configuration list for PBXProject "rockPaperScissors" */;
			compatibilityVersion = "Xcode 3.2";
			developmentRegion = English;
			hasScannedForEncodings = 0;
			knownRegions = (
				en,
				Base,
			);
			mainGroup = BF948B4D1F6BFF4A0088CC30;
			productRefGroup = BF948B571F6BFF4A0088CC30 /* Products */;
			projectDirPath = "";
			projectRoot = "";
			targets = (
				BF948B551F6BFF4A0088CC30 /* rockPaperScissors */,
			);
		};
/* End PBXProject section */

/* Begin PBXResourcesBuildPhase section */
		BF948B541F6BFF4A0088CC30 /* Resources */ = {
			isa = PBXResourcesBuildPhase;
			buildActionMask = 2147483647;
			files = (
				BF948B6E1F6BFF750088CC30 /* paper.png in Resources */,
				BF948B6F1F6BFF750088CC30 /* rock.png in Resources */,
				BF948B701F6BFF750088CC30 /* scissors.png in Resources */,
				BF948B641F6BFF4A0088CC30 /* LaunchScreen.storyboard in Resources */,
				BF948B611F6BFF4A0088CC30 /* Assets.xcassets in Resources */,
				BF948B5F1F6BFF4A0088CC30 /* Main.storyboard in Resources */,
			);
			runOnlyForDeploymentPostprocessing = 0;
		};
/* End PBXResourcesBuildPhase section */

/* Begin PBXSourcesBuildPhase section */
		BF948B521F6BFF4A0088CC30 /* Sources */ = {
			isa = PBXSourcesBuildPhase;
			buildActionMask = 2147483647;
			files = (
				BF948B5C1F6BFF4A0088CC30 /* ViewController.swift in Sources */,
				BF948B5A1F6BFF4A0088CC30 /* AppDelegate.swift in Sources */,
			);
			runOnlyForDeploymentPostprocessing = 0;
		};
/* End PBXSourcesBuildPhase section */

/* Begin PBXVariantGroup section */
		BF948B5D1F6BFF4A0088CC30 /* Main.storyboard */ = {
			isa = PBXVariantGroup;
			children = (
				BF948B5E1F6BFF4A0088CC30 /* Base */,
			);
			name = Main.storyboard;
			sourceTree = "<group>";
		};
		BF948B621F6BFF4A0088CC30 /* LaunchScreen.storyboard */ = {
			isa = PBXVariantGroup;
			children = (
				BF948B631F6BFF4A0088CC30 /* Base */,
			);
			name = LaunchScreen.storyboard;
			sourceTree = "<group>";
		};
/* End PBXVariantGroup section */

/* Begin XCBuildConfiguration section */
		BF948B661F6BFF4A0088CC30 /* Debug */ = {
			isa = XCBuildConfiguration;
			buildSettings = {
				ALWAYS_SEARCH_USER_PATHS = NO;
				CLANG_ANALYZER_NONNULL = YES;
				CLANG_ANALYZER_NUMBER_OBJECT_CONVERSION = YES_AGGRESSIVE;
				CLANG_CXX_LANGUAGE_STANDARD = "gnu++0x";
				CLANG_CXX_LIBRARY = "libc++";
				CLANG_ENABLE_MODULES = YES;
				CLANG_ENABLE_OBJC_ARC = YES;
				CLANG_WARN_BOOL_CONVERSION = YES;
				CLANG_WARN_CONSTANT_CONVERSION = YES;
				CLANG_WARN_DIRECT_OBJC_ISA_USAGE = YES_ERROR;
				CLANG_WARN_DOCUMENTATION_COMMENTS = YES;
				CLANG_WARN_EMPTY_BODY = YES;
				CLANG_WARN_ENUM_CONVERSION = YES;
				CLANG_WARN_INFINITE_RECURSION = YES;
				CLANG_WARN_INT_CONVERSION = YES;
				CLANG_WARN_OBJC_ROOT_CLASS = YES_ERROR;
				CLANG_WARN_SUSPICIOUS_MOVE = YES;
				CLANG_WARN_UNREACHABLE_CODE = YES;
				CLANG_WARN__DUPLICATE_METHOD_MATCH = YES;
				"CODE_SIGN_IDENTITY[sdk=iphoneos*]" = "iPhone Developer";
				COPY_PHASE_STRIP = NO;
				DEBUG_INFORMATION_FORMAT = dwarf;
				ENABLE_STRICT_OBJC_MSGSEND = YES;
				ENABLE_TESTABILITY = YES;
				GCC_C_LANGUAGE_STANDARD = gnu99;
				GCC_DYNAMIC_NO_PIC = NO;
				GCC_NO_COMMON_BLOCKS = YES;
				GCC_OPTIMIZATION_LEVEL = 0;
				GCC_PREPROCESSOR_DEFINITIONS = (
					"DEBUG=1",
					"$(inherited)",
				);
				GCC_WARN_64_TO_32_BIT_CONVERSION = YES;
				GCC_WARN_ABOUT_RETURN_TYPE = YES_ERROR;
				GCC_WARN_UNDECLARED_SELECTOR = YES;
				GCC_WARN_UNINITIALIZED_AUTOS = YES_AGGRESSIVE;
				GCC_WARN_UNUSED_FUNCTION = YES;
				GCC_WARN_UNUSED_VARIABLE = YES;
				IPHONEOS_DEPLOYMENT_TARGET = 10.3;
				MTL_ENABLE_DEBUG_INFO = YES;
				ONLY_ACTIVE_ARCH = YES;
				SDKROOT = iphoneos;
				SWIFT_ACTIVE_COMPILATION_CONDITIONS = DEBUG;
				SWIFT_OPTIMIZATION_LEVEL = "-Onone";
				TARGETED_DEVICE_FAMILY = "1,2";
			};
			name = Debug;
		};
		BF948B671F6BFF4A0088CC30 /* Release */ = {
			isa = XCBuildConfiguration;
			buildSettings = {
				ALWAYS_SEARCH_USER_PATHS = NO;
				CLANG_ANALYZER_NONNULL = YES;
				CLANG_ANALYZER_NUMBER_OBJECT_CONVERSION = YES_AGGRESSIVE;
				CLANG_CXX_LANGUAGE_STANDARD = "gnu++0x";
				CLANG_CXX_LIBRARY = "libc++";
				CLANG_ENABLE_MODULES = YES;
				CLANG_ENABLE_OBJC_ARC = YES;
				CLANG_WARN_BOOL_CONVERSION = YES;
				CLANG_WARN_CONSTANT_CONVERSION = YES;
				CLANG_WARN_DIRECT_OBJC_ISA_USAGE = YES_ERROR;
				CLANG_WARN_DOCUMENTATION_COMMENTS = YES;
				CLANG_WARN_EMPTY_BODY = YES;
				CLANG_WARN_ENUM_CONVERSION = YES;
				CLANG_WARN_INFINITE_RECURSION = YES;
				CLANG_WARN_INT_CONVERSION = YES;
				CLANG_WARN_OBJC_ROOT_CLASS = YES_ERROR;
				CLANG_WARN_SUSPICIOUS_MOVE = YES;
				CLANG_WARN_UNREACHABLE_CODE = YES;
				CLANG_WARN__DUPLICATE_METHOD_MATCH = YES;
				"CODE_SIGN_IDENTITY[sdk=iphoneos*]" = "iPhone Developer";
				COPY_PHASE_STRIP = NO;
				DEBUG_INFORMATION_FORMAT = "dwarf-with-dsym";
				ENABLE_NS_ASSERTIONS = NO;
				ENABLE_STRICT_OBJC_MSGSEND = YES;
				GCC_C_LANGUAGE_STANDARD = gnu99;
				GCC_NO_COMMON_BLOCKS = YES;
				GCC_WARN_64_TO_32_BIT_CONVERSION = YES;
				GCC_WARN_ABOUT_RETURN_TYPE = YES_ERROR;
				GCC_WARN_UNDECLARED_SELECTOR = YES;
				GCC_WARN_UNINITIALIZED_AUTOS = YES_AGGRESSIVE;
				GCC_WARN_UNUSED_FUNCTION = YES;
				GCC_WARN_UNUSED_VARIABLE = YES;
				IPHONEOS_DEPLOYMENT_TARGET = 10.3;
				MTL_ENABLE_DEBUG_INFO = NO;
				SDKROOT = iphoneos;
				SWIFT_OPTIMIZATION_LEVEL = "-Owholemodule";
				TARGETED_DEVICE_FAMILY = "1,2";
				VALIDATE_PRODUCT = YES;
			};
			name = Release;
		};
		BF948B691F6BFF4A0088CC30 /* Debug */ = {
			isa = XCBuildConfiguration;
			buildSettings = {
				ASSETCATALOG_COMPILER_APPICON_NAME = AppIcon;
				DEVELOPMENT_TEAM = 3C43GN4RSL;
				INFOPLIST_FILE = rockPaperScissors/Info.plist;
				LD_RUNPATH_SEARCH_PATHS = "$(inherited) @executable_path/Frameworks";
				PRODUCT_BUNDLE_IDENTIFIER = piremi.site.rockPaperScissors;
				PRODUCT_NAME = "$(TARGET_NAME)";
				SWIFT_VERSION = 3.0;
			};
			name = Debug;
		};
		BF948B6A1F6BFF4A0088CC30 /* Release */ = {
			isa = XCBuildConfiguration;
			buildSettings = {
				ASSETCATALOG_COMPILER_APPICON_NAME = AppIcon;
				DEVELOPMENT_TEAM = 3C43GN4RSL;
				INFOPLIST_FILE = rockPaperScissors/Info.plist;
				LD_RUNPATH_SEARCH_PATHS = "$(inherited) @executable_path/Frameworks";
				PRODUCT_BUNDLE_IDENTIFIER = piremi.site.rockPaperScissors;
				PRODUCT_NAME = "$(TARGET_NAME)";
				SWIFT_VERSION = 3.0;
			};
			name = Release;
		};
/* End XCBuildConfiguration section */

/* Begin XCConfigurationList section */
		BF948B511F6BFF4A0088CC30 /* Build configuration list for PBXProject "rockPaperScissors" */ = {
			isa = XCConfigurationList;
			buildConfigurations = (
				BF948B661F6BFF4A0088CC30 /* Debug */,
				BF948B671F6BFF4A0088CC30 /* Release */,
			);
			defaultConfigurationIsVisible = 0;
			defaultConfigurationName = Release;
		};
		BF948B681F6BFF4A0088CC30 /* Build configuration list for PBXNativeTarget "rockPaperScissors" */ = {
			isa = XCConfigurationList;
			buildConfigurations = (
				BF948B691F6BFF4A0088CC30 /* Debug */,
				BF948B6A1F6BFF4A0088CC30 /* Release */,
			);
			defaultConfigurationIsVisible = 0;
		};
/* End XCConfigurationList section */
	};
	rootObject = BF948B4E1F6BFF4A0088CC30 /* Project object */;
}
